
Microsoft Visual Studio Solution File, Format Version 12.00
# Visual Studio Version 17
VisualStudioVersion = 17.2.32630.192
MinimumVisualStudioVersion = 10.0.40219.1
Project("{9A19103F-16F7-4668-BE54-9A1E7A4F7556}") = "ScrapingAPI", "ScrapingAPI\ScrapingAPI.csproj", "{24BA38FF-D3D7-4D31-BC69-FA2BF02B332E}"
EndProject
Project("{FAE04EC0-301F-11D3-BF4B-00C04F79EFBC}") = "Scraping", "Scraping\Scraping.csproj", "{1E7361F3-B472-4C50-ADE9-5C786A929F81}"
EndProject
Global
	GlobalSection(SolutionConfigurationPlatforms) = preSolution
		Debug|Any CPU = Debug|Any CPU
		Release|Any CPU = Release|Any CPU
	EndGlobalSection
	GlobalSection(ProjectConfigurationPlatforms) = postSolution
		{24BA38FF-D3D7-4D31-BC69-FA2BF02B332E}.Debug|Any CPU.ActiveCfg = Debug|Any CPU
		{24BA38FF-D3D7-4D31-BC69-FA2BF02B332E}.Debug|Any CPU.Build.0 = Debug|Any CPU
		{24BA38FF-D3D7-4D31-BC69-FA2BF02B332E}.Release|Any CPU.ActiveCfg = Release|Any CPU
		{24BA38FF-D3D7-4D31-BC69-FA2BF02B332E}.Release|Any CPU.Build.0 = Release|Any CPU
		{1E7361F3-B472-4C50-ADE9-5C786A929F81}.Debug|Any CPU.ActiveCfg = Debug|Any CPU
		{1E7361F3-B472-4C50-ADE9-5C786A929F81}.Debug|Any CPU.Build.0 = Debug|Any CPU
		{1E7361F3-B472-4C50-ADE9-5C786A929F81}.Release|Any CPU.ActiveCfg = Release|Any CPU
		{1E7361F3-B472-4C50-ADE9-5C786A929F81}.Release|Any CPU.Build.0 = Release|Any CPU
	EndGlobalSection
	GlobalSection(SolutionProperties) = preSolution
		HideSolutionNode = FALSE
	EndGlobalSection
	GlobalSection(ExtensibilityGlobals) = postSolution
		SolutionGuid = {3A00A6E1-1D8A-49AC-9D8C-D88C3CAA9823}
	EndGlobalSection
EndGlobal
